<?xml version="1.0" encoding="utf-8"?>
<Project ToolsVersion="4.0" xmlns="http://schemas.microsoft.com/developer/msbuild/2003">
  <ItemGroup>
    <Filter Include="Header Files">
      <UniqueIdentifier>{93995380-89BD-4b04-88EB-625FBE52EBFB}</UniqueIdentifier>
      <Extensions>h;hpp;hxx;hm;inl;inc;xsd</Extensions>
    </Filter>
    <Filter Include="src">
      <UniqueIdentifier>{fcea4ac9-4178-4b31-8fba-c7a833b821e8}</UniqueIdentifier>
    </Filter>
  </ItemGroup>
  <ItemGroup>
    <ClCompile Include="src\conversion.cpp">
      <Filter>src</Filter>
    </ClCompile>
    <ClCompile Include="src\core.cpp">
      <Filter>src</Filter>
    </ClCompile>
    <ClCompile Include="src\curl_util.cpp">
      <Filter>src</Filter>
    </ClCompile>
    <ClCompile Include="src\Exception.cpp">
      <Filter>src</Filter>
    </ClCompile>
    <ClCompile Include="src\main.cpp">
      <Filter>src</Filter>
    </ClCompile>
    <ClCompile Include="src\string_util.cpp">
      <Filter>src</Filter>
    </ClCompile>
  </ItemGroup>
  <ItemGroup>
    <ClInclude Include="src\conversion.h">
      <Filter>src</Filter>
    </ClInclude>
    <ClInclude Include="src\core.h">
      <Filter>src</Filter>
    </ClInclude>
    <ClInclude Include="src\curl_util.h">
      <Filter>src</Filter>
    </ClInclude>
    <ClInclude Include="src\Exception.h">
      <Filter>src</Filter>
    </ClInclude>
    <ClInclude Include="src\quote.h">
      <Filter>src</Filter>
    </ClInclude>
    <ClInclude Include="src\QuoteType.h">
      <Filter>src</Filter>
    </ClInclude>
    <ClInclude Include="src\RangeType.h">
      <Filter>src</Filter>
    </ClInclude>
    <ClInclude Include="src\string_util.h">
      <Filter>src</Filter>
    </ClInclude>
  </ItemGroup>
</Project>