
Microsoft Visual Studio Solution File, Format Version 10.00
# Visual Studio 2008
Project("{FAE04EC0-301F-11D3-BF4B-00C04F79EFBC}") = "log4netWpfTest", "log4netWpfTest\log4netWpfTest.csproj", "{B2EDD9B8-D35D-4B9A-809B-42460A6CAF06}"
EndProject
Global
	GlobalSection(SolutionConfigurationPlatforms) = preSolution
		Debug|Any CPU = Debug|Any CPU
		Release|Any CPU = Release|Any CPU
	EndGlobalSection
	GlobalSection(ProjectConfigurationPlatforms) = postSolution
		{B2EDD9B8-D35D-4B9A-809B-42460A6CAF06}.Debug|Any CPU.ActiveCfg = Debug|Any CPU
		{B2EDD9B8-D35D-4B9A-809B-42460A6CAF06}.Debug|Any CPU.Build.0 = Debug|Any CPU
		{B2EDD9B8-D35D-4B9A-809B-42460A6CAF06}.Release|Any CPU.ActiveCfg = Release|Any CPU
		{B2EDD9B8-D35D-4B9A-809B-42460A6CAF06}.Release|Any CPU.Build.0 = Release|Any CPU
	EndGlobalSection
	GlobalSection(SolutionProperties) = preSolution
		HideSolutionNode = FALSE
	EndGlobalSection
EndGlobal
